
Microsoft Visual Studio Solution File, Format Version 12.00
# Visual Studio 2012
Project("{FAE04EC0-301F-11D3-BF4B-00C04F79EFBC}") = "WPF Stopwatch", "WPF Stopwatch\WPF Stopwatch.csproj", "{D678EB5C-E605-48A0-B1B6-483CFA9DFFBF}"
EndProject
Global
	GlobalSection(SolutionConfigurationPlatforms) = preSolution
		Debug|Any CPU = Debug|Any CPU
		Release|Any CPU = Release|Any CPU
	EndGlobalSection
	GlobalSection(ProjectConfigurationPlatforms) = postSolution
		{D678EB5C-E605-48A0-B1B6-483CFA9DFFBF}.Debug|Any CPU.ActiveCfg = Debug|Any CPU
		{D678EB5C-E605-48A0-B1B6-483CFA9DFFBF}.Debug|Any CPU.Build.0 = Debug|Any CPU
		{D678EB5C-E605-48A0-B1B6-483CFA9DFFBF}.Release|Any CPU.ActiveCfg = Release|Any CPU
		{D678EB5C-E605-48A0-B1B6-483CFA9DFFBF}.Release|Any CPU.Build.0 = Release|Any CPU
	EndGlobalSection
	GlobalSection(SolutionProperties) = preSolution
		HideSolutionNode = FALSE
	EndGlobalSection
EndGlobal
